lockfileVersion: '6.0'

devDependencies:
  '@total-typescript/ts-reset':
    specifier: ^0.4.2
    version: 0.4.2

packages:

  /@total-typescript/ts-reset@0.4.2:
    resolution: {integrity: sha512-vqd7ZUDSrXFVT1n8b2kc3LnklncDQFPvR58yUS1kEP23/nHPAO9l1lMjUfnPrXYYk4Hj54rrLKMW5ipwk7k09A==}
    dev: true
